
Microsoft Visual Studio Solution File, Format Version 12.00
# Visual Studio Version 16
VisualStudioVersion = 16.0.31515.178
MinimumVisualStudioVersion = 10.0.40219.1
Project("{FAE04EC0-301F-11D3-BF4B-00C04F79EFBC}") = "MVC_Web_Application", "MVC_Web_Application\MVC_Web_Application.csproj", "{939977F4-72EE-45A2-ABF8-E62804FF0251}"
EndProject
Global
	GlobalSection(SolutionConfigurationPlatforms) = preSolution
		Debug|Any CPU = Debug|Any CPU
		Release|Any CPU = Release|Any CPU
	EndGlobalSection
	GlobalSection(ProjectConfigurationPlatforms) = postSolution
		{939977F4-72EE-45A2-ABF8-E62804FF0251}.Debug|Any CPU.ActiveCfg = Debug|Any CPU
		{939977F4-72EE-45A2-ABF8-E62804FF0251}.Debug|Any CPU.Build.0 = Debug|Any CPU
		{939977F4-72EE-45A2-ABF8-E62804FF0251}.Release|Any CPU.ActiveCfg = Release|Any CPU
		{939977F4-72EE-45A2-ABF8-E62804FF0251}.Release|Any CPU.Build.0 = Release|Any CPU
	EndGlobalSection
	GlobalSection(SolutionProperties) = preSolution
		HideSolutionNode = FALSE
	EndGlobalSection
	GlobalSection(ExtensibilityGlobals) = postSolution
		SolutionGuid = {838F52AE-B375-469F-A8E2-3C12B625961D}
	EndGlobalSection
EndGlobal
